
Microsoft Visual Studio Solution File, Format Version 12.00
# Visual Studio 14
VisualStudioVersion = 14.0.25123.0
MinimumVisualStudioVersion = 10.0.40219.1
Project("{FAE04EC0-301F-11D3-BF4B-00C04F79EFBC}") = "WcfChat.Contracts", "WcfChat.Contracts\WcfChat.Contracts.csproj", "{2351510E-CE1F-4354-B10E-EFB0275ACBEC}"
EndProject
Project("{FAE04EC0-301F-11D3-BF4B-00C04F79EFBC}") = "WcfChat.Services", "WcfChat.Services\WcfChat.Services.csproj", "{84F259FE-C1A2-4F12-A2AF-5E21D0D499A4}"
EndProject
Project("{FAE04EC0-301F-11D3-BF4B-00C04F79EFBC}") = "WcfChat.ConsoleHost", "WcfChat.ConsoleHost\WcfChat.ConsoleHost.csproj", "{3632538B-6123-47B0-AB5D-1B34DE7361B3}"
EndProject
Project("{FAE04EC0-301F-11D3-BF4B-00C04F79EFBC}") = "WcfChat.ConsoleClient", "WcfChat.ConsoleClient\WcfChat.ConsoleClient.csproj", "{89F81D06-394E-43AB-840C-CDA2E637F765}"
EndProject
Global
	GlobalSection(SolutionConfigurationPlatforms) = preSolution
		Debug|Any CPU = Debug|Any CPU
		Release|Any CPU = Release|Any CPU
	EndGlobalSection
	GlobalSection(ProjectConfigurationPlatforms) = postSolution
		{2351510E-CE1F-4354-B10E-EFB0275ACBEC}.Debug|Any CPU.ActiveCfg = Debug|Any CPU
		{2351510E-CE1F-4354-B10E-EFB0275ACBEC}.Debug|Any CPU.Build.0 = Debug|Any CPU
		{2351510E-CE1F-4354-B10E-EFB0275ACBEC}.Release|Any CPU.ActiveCfg = Release|Any CPU
		{2351510E-CE1F-4354-B10E-EFB0275ACBEC}.Release|Any CPU.Build.0 = Release|Any CPU
		{84F259FE-C1A2-4F12-A2AF-5E21D0D499A4}.Debug|Any CPU.ActiveCfg = Debug|Any CPU
		{84F259FE-C1A2-4F12-A2AF-5E21D0D499A4}.Debug|Any CPU.Build.0 = Debug|Any CPU
		{84F259FE-C1A2-4F12-A2AF-5E21D0D499A4}.Release|Any CPU.ActiveCfg = Release|Any CPU
		{84F259FE-C1A2-4F12-A2AF-5E21D0D499A4}.Release|Any CPU.Build.0 = Release|Any CPU
		{3632538B-6123-47B0-AB5D-1B34DE7361B3}.Debug|Any CPU.ActiveCfg = Debug|Any CPU
		{3632538B-6123-47B0-AB5D-1B34DE7361B3}.Debug|Any CPU.Build.0 = Debug|Any CPU
		{3632538B-6123-47B0-AB5D-1B34DE7361B3}.Release|Any CPU.ActiveCfg = Release|Any CPU
		{3632538B-6123-47B0-AB5D-1B34DE7361B3}.Release|Any CPU.Build.0 = Release|Any CPU
		{89F81D06-394E-43AB-840C-CDA2E637F765}.Debug|Any CPU.ActiveCfg = Debug|Any CPU
		{89F81D06-394E-43AB-840C-CDA2E637F765}.Debug|Any CPU.Build.0 = Debug|Any CPU
		{89F81D06-394E-43AB-840C-CDA2E637F765}.Release|Any CPU.ActiveCfg = Release|Any CPU
		{89F81D06-394E-43AB-840C-CDA2E637F765}.Release|Any CPU.Build.0 = Release|Any CPU
	EndGlobalSection
	GlobalSection(SolutionProperties) = preSolution
		HideSolutionNode = FALSE
	EndGlobalSection
EndGlobal
